
Microsoft Visual Studio Solution File, Format Version 12.00
# Visual Studio Version 17
VisualStudioVersion = 17.8.34525.116
MinimumVisualStudioVersion = 10.0.40219.1
Project("{FAE04EC0-301F-11D3-BF4B-00C04F79EFBC}") = "ProjectBackEnd", "ProjectBackEnd.csproj", "{DCE9EA69-565A-4D86-9771-25655BB095EA}"
EndProject
Project("{FAE04EC0-301F-11D3-BF4B-00C04F79EFBC}") = "Academy.Core", "..\Academy.Core\Academy.Core.csproj", "{052747D5-C736-4370-9E8C-1818DEFBFFE6}"
EndProject
Project("{FAE04EC0-301F-11D3-BF4B-00C04F79EFBC}") = "Project.DataLayer", "..\Project.DataLayer\Project.DataLayer.csproj", "{D7077FCC-7B3C-4AE4-8972-9DAFFF3457FF}"
EndProject
Global
	GlobalSection(SolutionConfigurationPlatforms) = preSolution
		Debug|Any CPU = Debug|Any CPU
		Release|Any CPU = Release|Any CPU
	EndGlobalSection
	GlobalSection(ProjectConfigurationPlatforms) = postSolution
		{DCE9EA69-565A-4D86-9771-25655BB095EA}.Debug|Any CPU.ActiveCfg = Debug|Any CPU
		{DCE9EA69-565A-4D86-9771-25655BB095EA}.Debug|Any CPU.Build.0 = Debug|Any CPU
		{DCE9EA69-565A-4D86-9771-25655BB095EA}.Release|Any CPU.ActiveCfg = Release|Any CPU
		{DCE9EA69-565A-4D86-9771-25655BB095EA}.Release|Any CPU.Build.0 = Release|Any CPU
		{052747D5-C736-4370-9E8C-1818DEFBFFE6}.Debug|Any CPU.ActiveCfg = Debug|Any CPU
		{052747D5-C736-4370-9E8C-1818DEFBFFE6}.Debug|Any CPU.Build.0 = Debug|Any CPU
		{052747D5-C736-4370-9E8C-1818DEFBFFE6}.Release|Any CPU.ActiveCfg = Release|Any CPU
		{052747D5-C736-4370-9E8C-1818DEFBFFE6}.Release|Any CPU.Build.0 = Release|Any CPU
		{D7077FCC-7B3C-4AE4-8972-9DAFFF3457FF}.Debug|Any CPU.ActiveCfg = Debug|Any CPU
		{D7077FCC-7B3C-4AE4-8972-9DAFFF3457FF}.Debug|Any CPU.Build.0 = Debug|Any CPU
		{D7077FCC-7B3C-4AE4-8972-9DAFFF3457FF}.Release|Any CPU.ActiveCfg = Release|Any CPU
		{D7077FCC-7B3C-4AE4-8972-9DAFFF3457FF}.Release|Any CPU.Build.0 = Release|Any CPU
	EndGlobalSection
	GlobalSection(SolutionProperties) = preSolution
		HideSolutionNode = FALSE
	EndGlobalSection
	GlobalSection(ExtensibilityGlobals) = postSolution
		SolutionGuid = {92DD7CB3-803D-4035-B208-00FB5CAC11D8}
	EndGlobalSection
EndGlobal
